
Microsoft Visual Studio Solution File, Format Version 12.00
# Visual Studio Version 17
VisualStudioVersion = 17.9.34728.123
MinimumVisualStudioVersion = 10.0.40219.1
Project("{8BC9CEB8-8B4A-11D0-8D11-00A0C91BC942}") = "MT4_01_05", "MT4_01_05.vcxproj", "{96ED17A2-0654-4CAD-AC1B-35B6CE2A211B}"
EndProject
Global
	GlobalSection(SolutionConfigurationPlatforms) = preSolution
		Debug|x64 = Debug|x64
		Release|x64 = Release|x64
	EndGlobalSection
	GlobalSection(ProjectConfigurationPlatforms) = postSolution
		{96ED17A2-0654-4CAD-AC1B-35B6CE2A211B}.Debug|x64.ActiveCfg = Debug|x64
		{96ED17A2-0654-4CAD-AC1B-35B6CE2A211B}.Debug|x64.Build.0 = Debug|x64
		{96ED17A2-0654-4CAD-AC1B-35B6CE2A211B}.Release|x64.ActiveCfg = Release|x64
		{96ED17A2-0654-4CAD-AC1B-35B6CE2A211B}.Release|x64.Build.0 = Release|x64
	EndGlobalSection
	GlobalSection(SolutionProperties) = preSolution
		HideSolutionNode = FALSE
	EndGlobalSection
	GlobalSection(ExtensibilityGlobals) = postSolution
		SolutionGuid = {53254561-CAD5-48F0-B4BE-21042D2D4A1D}
	EndGlobalSection
EndGlobal
